Microsoft Visual Studio Solution File, Format Version 11.00
# Visual Studio 2008

Project("{AA54211C-492C-6A2E-7384-F6E19FD2F99C}") = "UnityViewDemo", "Assembly-CSharp.csproj", "{709B74C2-C964-22A8-03C4-6FC58DC250A0}"
EndProject
Global
	GlobalSection(SolutionConfigurationPlatforms) = preSolution
		Debug|Any CPU = Debug|Any CPU
		Release|Any CPU = Release|Any CPU
	EndGlobalSection
	GlobalSection(ProjectConfigurationPlatforms) = postSolution
		{709B74C2-C964-22A8-03C4-6FC58DC250A0}.Debug|Any CPU.ActiveCfg = Debug|Any CPU
		{709B74C2-C964-22A8-03C4-6FC58DC250A0}.Debug|Any CPU.Build.0 = Debug|Any CPU
		{709B74C2-C964-22A8-03C4-6FC58DC250A0}.Release|Any CPU.ActiveCfg = Release|Any CPU
		{709B74C2-C964-22A8-03C4-6FC58DC250A0}.Release|Any CPU.Build.0 = Release|Any CPU
	EndGlobalSection
	GlobalSection(SolutionProperties) = preSolution
		HideSolutionNode = FALSE
	EndGlobalSection
	GlobalSection(MonoDevelopProperties) = preSolution
		StartupItem = Assembly-CSharp.csproj
	EndGlobalSection
EndGlobal
